{
  "version": 4,
  "terraform_version": "1.9.5",
  "serial": 14,
  "lineage": "6f77a5f7-522c-8f96-8cba-083ac9726a20",
  "outputs": {},
  "resources": [
    {
      "module": "module.ec2-instance",
      "mode": "managed",
      "type": "aws_key_pair",
      "name": "deployer",
      "provider": "provider[\"registry.terraform.io/hashicorp/aws\"]",
      "instances": [
        {
          "schema_version": 1,
          "attributes": {
            "arn": "arn:aws:ec2:ap-south-1:273928408714:key-pair/terraform-20240830054137954200000001",
            "fingerprint": "68:cc:a1:86:e1:12:d6:07:46:a9:d3:bd:c2:62:e3:84",
            "id": "terraform-20240830054137954200000001",
            "key_name": "terraform-20240830054137954200000001",
            "key_name_prefix": "terraform-",
            "key_pair_id": "key-016c96225e6bdee14",
            "key_type": "rsa",
            "public_key": "ssh-rsa AAAAB3NzaC1yc2EAAAADAQABAAABgQC1O6gT/ZI4yvtViDAZln4xdjkCqpx2B0Dzayp8ZeCBGe3rA+8y+afy8D8vNOKkF4Bx6QasRv+SSQEdlmVLfnZNZlMweYPH4FVBblmgZdITix9BhIvoRGz4mxI00nB/n8xp/CvcHo0vI7WH9bELpYFsII29gwlEBmHApvmdDXSGHhNDXZzSlM14nBaLF9OPK8BY6OaKdKrYOJ7OPopWQkTFxFsmJyXS0+Q2cvywqUehQpB1RC2o8gUeXOgIQz6qMRESN3i+EpPCnP5qjjoKxZyM1oXUxRjEzYXUXPbx1UFPYdvApX4JkpMMFsFx0kTg9WXnPQMjtFSQ9fueSAmDnd0FYQh0PRyz7905FH/k2fKbyn39fzIS5yUNY6fjxP2bnlRR3umCNlRE3LstdC2I+FKFb2R+o807V/Mv0J4JRAOSkss2xtC8dQdUPoz3srBvLyuAUAz4NqLA+W0asXUQ4Nb75ov/J5E9KQg6vpF5Yjaz7F+JOahEpYUpddc3DAgbgEc= root@worker01",
            "tags": {},
            "tags_all": {}
          },
          "sensitive_attributes": [],
          "private": "eyJzY2hlbWFfdmVyc2lvbiI6IjEifQ=="
        }
      ]
    }
  ],
  "check_results": null
}
